
Microsoft Visual Studio Solution File, Format Version 12.00
# Visual Studio Version 17
VisualStudioVersion = 17.4.33205.214
MinimumVisualStudioVersion = 10.0.40219.1
Project("{FAE04EC0-301F-11D3-BF4B-00C04F79EFBC}") = "MediaCenter", "MediaCenter\MediaCenter.csproj", "{C96B834A-6ACA-45F9-8055-48CA7BFEAF7D}"
EndProject
Global
	GlobalSection(SolutionConfigurationPlatforms) = preSolution
		Debug|Any CPU = Debug|Any CPU
		Release|Any CPU = Release|Any CPU
	EndGlobalSection
	GlobalSection(ProjectConfigurationPlatforms) = postSolution
		{C96B834A-6ACA-45F9-8055-48CA7BFEAF7D}.Debug|Any CPU.ActiveCfg = Debug|Any CPU
		{C96B834A-6ACA-45F9-8055-48CA7BFEAF7D}.Debug|Any CPU.Build.0 = Debug|Any CPU
		{C96B834A-6ACA-45F9-8055-48CA7BFEAF7D}.Release|Any CPU.ActiveCfg = Release|Any CPU
		{C96B834A-6ACA-45F9-8055-48CA7BFEAF7D}.Release|Any CPU.Build.0 = Release|Any CPU
	EndGlobalSection
	GlobalSection(SolutionProperties) = preSolution
		HideSolutionNode = FALSE
	EndGlobalSection
	GlobalSection(ExtensibilityGlobals) = postSolution
		SolutionGuid = {E9570699-A058-4644-B294-5200187E2D3E}
	EndGlobalSection
EndGlobal
